Microsoft Visual Studio Solution File, Format Version 8.00
Project("{8BC9CEB8-8B4A-11D0-8D11-00A0C91BC942}") = "Assignment 06", "Assignment 06.vcproj", "{1B4F101D-71C8-4AD2-96A6-4A147BEA57B2}"
	ProjectSection(ProjectDependencies) = postProject
	EndProjectSection
EndProject
Global
	GlobalSection(SolutionConfiguration) = preSolution
		Debug = Debug
		Release = Release
	EndGlobalSection
	GlobalSection(ProjectConfiguration) = postSolution
		{1B4F101D-71C8-4AD2-96A6-4A147BEA57B2}.Debug.ActiveCfg = Debug|Win32
		{1B4F101D-71C8-4AD2-96A6-4A147BEA57B2}.Debug.Build.0 = Debug|Win32
		{1B4F101D-71C8-4AD2-96A6-4A147BEA57B2}.Release.ActiveCfg = Release|Win32
		{1B4F101D-71C8-4AD2-96A6-4A147BEA57B2}.Release.Build.0 = Release|Win32
	EndGlobalSection
	GlobalSection(ExtensibilityGlobals) = postSolution
	EndGlobalSection
	GlobalSection(ExtensibilityAddIns) = postSolution
	EndGlobalSection
EndGlobal
