Microsoft Visual Studio Solution File, Format Version 8.00
Project("{8BC9CEB8-8B4A-11D0-8D11-00A0C91BC942}") = "Lab 06", "Lab 06.vcproj", "{EB5890A3-B884-4CFC-B836-57572FBAC7EC}"
	ProjectSection(ProjectDependencies) = postProject
	EndProjectSection
EndProject
Global
	GlobalSection(SolutionConfiguration) = preSolution
		Debug = Debug
		Release = Release
	EndGlobalSection
	GlobalSection(ProjectConfiguration) = postSolution
		{EB5890A3-B884-4CFC-B836-57572FBAC7EC}.Debug.ActiveCfg = Debug|Win32
		{EB5890A3-B884-4CFC-B836-57572FBAC7EC}.Debug.Build.0 = Debug|Win32
		{EB5890A3-B884-4CFC-B836-57572FBAC7EC}.Release.ActiveCfg = Release|Win32
		{EB5890A3-B884-4CFC-B836-57572FBAC7EC}.Release.Build.0 = Release|Win32
	EndGlobalSection
	GlobalSection(ExtensibilityGlobals) = postSolution
	EndGlobalSection
	GlobalSection(ExtensibilityAddIns) = postSolution
	EndGlobalSection
EndGlobal
