Microsoft Visual Studio Solution File, Format Version 8.00
Project("{8BC9CEB8-8B4A-11D0-8D11-00A0C91BC942}") = "Lab06", "Lab06.vcproj", "{60A0D86A-35F1-4941-87F7-D1763D35251D}"
	ProjectSection(ProjectDependencies) = postProject
	EndProjectSection
EndProject
Global
	GlobalSection(SolutionConfiguration) = preSolution
		Debug = Debug
		Release = Release
	EndGlobalSection
	GlobalSection(ProjectConfiguration) = postSolution
		{60A0D86A-35F1-4941-87F7-D1763D35251D}.Debug.ActiveCfg = Debug|Win32
		{60A0D86A-35F1-4941-87F7-D1763D35251D}.Debug.Build.0 = Debug|Win32
		{60A0D86A-35F1-4941-87F7-D1763D35251D}.Release.ActiveCfg = Release|Win32
		{60A0D86A-35F1-4941-87F7-D1763D35251D}.Release.Build.0 = Release|Win32
	EndGlobalSection
	GlobalSection(ExtensibilityGlobals) = postSolution
	EndGlobalSection
	GlobalSection(ExtensibilityAddIns) = postSolution
	EndGlobalSection
EndGlobal
