
Microsoft Visual Studio Solution File, Format Version 9.00
# Visual Studio 2005
Project("{8BC9CEB8-8B4A-11D0-8D11-00A0C91BC942}") = "Lab02", "Lab02\Lab02.vcproj", "{6617A8EC-85F7-49E3-9DCF-62D8048781FC}"
EndProject
Global
	GlobalSection(SolutionConfigurationPlatforms) = preSolution
		Debug|Win32 = Debug|Win32
		Release|Win32 = Release|Win32
	EndGlobalSection
	GlobalSection(ProjectConfigurationPlatforms) = postSolution
		{6617A8EC-85F7-49E3-9DCF-62D8048781FC}.Debug|Win32.ActiveCfg = Debug|Win32
		{6617A8EC-85F7-49E3-9DCF-62D8048781FC}.Debug|Win32.Build.0 = Debug|Win32
		{6617A8EC-85F7-49E3-9DCF-62D8048781FC}.Release|Win32.ActiveCfg = Release|Win32
		{6617A8EC-85F7-49E3-9DCF-62D8048781FC}.Release|Win32.Build.0 = Release|Win32
	EndGlobalSection
	GlobalSection(SolutionProperties) = preSolution
		HideSolutionNode = FALSE
	EndGlobalSection
EndGlobal
