Microsoft Visual Studio Solution File, Format Version 8.00
Project("{8BC9CEB8-8B4A-11D0-8D11-00A0C91BC942}") = "Assignment 11", "Assignment 11.vcproj", "{9AFEFC46-4575-4D52-AC05-88F61975AB89}"
	ProjectSection(ProjectDependencies) = postProject
	EndProjectSection
EndProject
Global
	GlobalSection(SolutionConfiguration) = preSolution
		Debug = Debug
		Release = Release
	EndGlobalSection
	GlobalSection(ProjectConfiguration) = postSolution
		{9AFEFC46-4575-4D52-AC05-88F61975AB89}.Debug.ActiveCfg = Debug|Win32
		{9AFEFC46-4575-4D52-AC05-88F61975AB89}.Debug.Build.0 = Debug|Win32
		{9AFEFC46-4575-4D52-AC05-88F61975AB89}.Release.ActiveCfg = Release|Win32
		{9AFEFC46-4575-4D52-AC05-88F61975AB89}.Release.Build.0 = Release|Win32
	EndGlobalSection
	GlobalSection(ExtensibilityGlobals) = postSolution
	EndGlobalSection
	GlobalSection(ExtensibilityAddIns) = postSolution
	EndGlobalSection
EndGlobal
